# THIS IS AN AUTOGENERATED FILE. DO NOT EDIT THIS FILE DIRECTLY.
# yarn lockfile v1


"@prisma/client@^5.16.2":
  version "5.16.2"
  resolved "https://registry.yarnpkg.com/@prisma/client/-/client-5.16.2.tgz#21df4c092eac29dcc4431ebed8c92579ffc9d8bd"
  integrity sha512-+1lmkhR9gHWcTC5oghm2ZKpWljyWdzfazCVlLKUWXVmwHSf52g81aZ8qb6Km5Bs025yBi7puLp3qSLEvktoUtw==

"@prisma/debug@5.16.2":
  version "5.16.2"
  resolved "https://registry.yarnpkg.com/@prisma/debug/-/debug-5.16.2.tgz#bf774f4768a3d1634887e6964fcfe04576dc7496"
  integrity sha512-ItzB4nR4O8eLzuJiuP3WwUJfoIvewMHqpGCad+64gvThcKEVOtaUza9AEJo2DPqAOa/AWkFyK54oM4WwHeew+A==

"@prisma/engines-version@5.16.0-24.34ace0eb2704183d2c05b60b52fba5c43c13f303":
  version "5.16.0-24.34ace0eb2704183d2c05b60b52fba5c43c13f303"
  resolved "https://registry.yarnpkg.com/@prisma/engines-version/-/engines-version-5.16.0-24.34ace0eb2704183d2c05b60b52fba5c43c13f303.tgz#63ceebefb7daa1eb17f250cad75d35999a50ee1b"
  integrity sha512-HkT2WbfmFZ9WUPyuJHhkiADxazHg8Y4gByrTSVeb3OikP6tjQ7txtSUGu9OBOBH0C13dPKN2qqH12xKtHu/Hiw==

"@prisma/engines@5.16.2":
  version "5.16.2"
  resolved "https://registry.yarnpkg.com/@prisma/engines/-/engines-5.16.2.tgz#d624c816c25a5cbad7ca13c7842b71557b6020e0"
  integrity sha512-qUxwMtrwoG3byd4PbX6T7EjHJ8AUhzTuwniOGkh/hIznBfcE2QQnGakyEq4VnwNuttMqvh/GgPFapHQ3lCuRHg==
  dependencies:
    "@prisma/debug" "5.16.2"
    "@prisma/engines-version" "5.16.0-24.34ace0eb2704183d2c05b60b52fba5c43c13f303"
    "@prisma/fetch-engine" "5.16.2"
    "@prisma/get-platform" "5.16.2"

"@prisma/fetch-engine@5.16.2":
  version "5.16.2"
  resolved "https://registry.yarnpkg.com/@prisma/fetch-engine/-/fetch-engine-5.16.2.tgz#e7e06cf246340e6ae06791f9133be275c5ee50e5"
  integrity sha512-sq51lfHKfH2jjYSjBtMjP+AznFqOJzXpqmq6B9auWrlTJrMgZ7lPyhWUW7VU7LsQU48/TJ+DZeIz8s9bMYvcHg==
  dependencies:
    "@prisma/debug" "5.16.2"
    "@prisma/engines-version" "5.16.0-24.34ace0eb2704183d2c05b60b52fba5c43c13f303"
    "@prisma/get-platform" "5.16.2"

"@prisma/get-platform@5.16.2":
  version "5.16.2"
  resolved "https://registry.yarnpkg.com/@prisma/get-platform/-/get-platform-5.16.2.tgz#f9b397ddf807b71411fd9d0b17374bc21e91cc40"
  integrity sha512-cXiHPgNLNyj22vLouPVNegklpRL/iX2jxTeap5GRO3DmCoVyIHmJAV1CgUMUJhHlcol9yYy7EHvsnXTDJ/PKEA==
  dependencies:
    "@prisma/debug" "5.16.2"

"@types/node@^17.0.25":
  version "17.0.25"
  resolved "https://registry.yarnpkg.com/@types/node/-/node-17.0.25.tgz#527051f3c2f77aa52e5dc74e45a3da5fb2301448"
  integrity sha512-wANk6fBrUwdpY4isjWrKTufkrXdu1D2YHCot2fD/DfWxF5sMrVSA+KN7ydckvaTCh0HiqX9IVl0L5/ZoXg5M7w==

dotenv@^15.0.0:
  version "15.0.1"
  resolved "https://registry.yarnpkg.com/dotenv/-/dotenv-15.0.1.tgz#bf96a46782923e17a64b5edb35eb50d2292efd65"
  integrity sha512-4OnbwRfzR+xQThp7uq1xpUS9fmgZ//njexOtPjPSbK3yHGrSHSJnaJRsXderSSm2elfvVj+Y5awDC0I8Oy8rkA==

prisma@^5.16.2:
  version "5.16.2"
  resolved "https://registry.yarnpkg.com/prisma/-/prisma-5.16.2.tgz#f46f130550bc148e603d25e06e82263fa6ab68e8"
  integrity sha512-rFV/xoBR2hBGGlu4LPLQd4U8WVA+tSAmYyFWGPRVfj+xg7N4kiZV4lSk38htSpF+/IuHKzlrbh4SFk8Z18cI8A==
  dependencies:
    "@prisma/engines" "5.16.2"

twitter-api-v2@^1.12.0:
  version "1.12.0"
  resolved "https://registry.yarnpkg.com/twitter-api-v2/-/twitter-api-v2-1.12.0.tgz#0c69fd9578a4e870404bb449cd3634275c152d2e"
  integrity sha512-8Fv+sUYY0P1gloiBSgG1w/NSuGUIP32lDKMPVzIMX3jd4zDhiJFtCft41fKs+JqcD8m7s+4vkMO/XwyY2+NULQ==

typescript@^4.5.4:
  version "4.6.3"
  resolved "https://registry.yarnpkg.com/typescript/-/typescript-4.6.3.tgz#eefeafa6afdd31d725584c67a0eaba80f6fc6c6c"
  integrity sha512-yNIatDa5iaofVozS/uQJEl3JRWLKKGJKh6Yaiv0GLGSuhpFJe7P3SbHZ8/yjAHRQwKRoA6YZqlfjXWmVzoVSMw==
